{
  "name": "dpda-paper",
  "version": "1.0.0",
  "lockfileVersion": 3,
  "requires": true,
  "packages": {
    "": {
      "name": "dpda-paper",
      "version": "1.0.0",
      "license": "ISC",
      "dependencies": {
        "state-diagram-renderer": "github:progedu/state-diagram-renderer",
        "typescript": "^5.3.3"
      }
    },
    "../assert-codeblock": {
      "name": "assert-codeblock-dwango-progedu",
      "version": "1.7.0",
      "extraneous": true,
      "license": "MIT",
      "dependencies": {
        "@types/diff": "^5.0.5",
        "@types/node": "^20.8.2",
        "diff": "^5.1.0",
        "enquirer": "^2.4.1",
        "typescript": "^5.2.2"
      }
    },
    "node_modules/@types/node": {
      "version": "20.8.8",
      "resolved": "https://registry.npmjs.org/@types/node/-/node-20.8.8.tgz",
      "integrity": "sha512-YRsdVxq6OaLfmR9Hy816IMp33xOBjfyOgUd77ehqg96CFywxAPbDbXvAsuN2KVg2HOT8Eh6uAfU+l4WffwPVrQ==",
      "dependencies": {
        "undici-types": "~5.25.1"
      }
    },
    "node_modules/hono": {
      "version": "3.12.6",
      "resolved": "https://registry.npmjs.org/hono/-/hono-3.12.6.tgz",
      "integrity": "sha512-nnLMJbBA8k+tW8XD1Xt0BfNmJswppYF2pSOVo5U3DdU72SPYUjFkPg7/Q9KfkNcsrXzxFdJQ00JYjPGancmOOA==",
      "engines": {
        "node": ">=16.0.0"
      }
    },
    "node_modules/state-diagram-renderer": {
      "version": "1.0.0",
      "resolved": "git+ssh://git@github.com/progedu/state-diagram-renderer.git#fc789987707390abad6b9cdca7f9f0371f0c8fe4",
      "license": "ISC",
      "dependencies": {
        "@types/node": "^20.5.1",
        "hono": "^3.12.6",
        "xml-formatter": "^3.6.2"
      }
    },
    "node_modules/typescript": {
      "version": "5.3.3",
      "resolved": "https://registry.npmjs.org/typescript/-/typescript-5.3.3.tgz",
      "integrity": "sha512-pXWcraxM0uxAS+tN0AG/BF2TyqmHO014Z070UsJ+pFvYuRSq8KH8DmWpnbXe0pEPDHXZV3FcAbJkijJ5oNEnWw==",
      "bin": {
        "tsc": "bin/tsc",
        "tsserver": "bin/tsserver"
      },
      "engines": {
        "node": ">=14.17"
      }
    },
    "node_modules/undici-types": {
      "version": "5.25.3",
      "resolved": "https://registry.npmjs.org/undici-types/-/undici-types-5.25.3.tgz",
      "integrity": "sha512-Ga1jfYwRn7+cP9v8auvEXN1rX3sWqlayd4HP7OKk4mZWylEmu3KzXDUGrQUN6Ol7qo1gPvB2e5gX6udnyEPgdA=="
    },
    "node_modules/xml-formatter": {
      "version": "3.6.2",
      "resolved": "https://registry.npmjs.org/xml-formatter/-/xml-formatter-3.6.2.tgz",
      "integrity": "sha512-enWhevZNOwffZFUhzl1WMcha8lFLZUgJ7NzFs5Ug4ZOFCoNheGYXz1J9Iz/e+cTn9rCkuT1GwTacz+YlmFHOGw==",
      "dependencies": {
        "xml-parser-xo": "^4.1.0"
      },
      "engines": {
        "node": ">= 14"
      }
    },
    "node_modules/xml-parser-xo": {
      "version": "4.1.1",
      "resolved": "https://registry.npmjs.org/xml-parser-xo/-/xml-parser-xo-4.1.1.tgz",
      "integrity": "sha512-Ggf2y90+Y6e9IK5hoPuembVHJ03PhDSdhldEmgzbihzu9k0XBo0sfcFxaSi4W1PlUSSI1ok+MJ0JCXUn+U4Ilw==",
      "engines": {
        "node": ">= 14"
      }
    }
  }
}
